
Microsoft Visual Studio Solution File, Format Version 11.00
# Visual C# Express 2010
Project("{FAE04EC0-301F-11D3-BF4B-00C04F79EFBC}") = "PictureViewer", "PictureViewer\PictureViewer.csproj", "{FEBF3BCC-7253-4EBD-822E-AE37B077033B}"
EndProject
Global
	GlobalSection(SolutionConfigurationPlatforms) = preSolution
		Debug|x86 = Debug|x86
		Release|x86 = Release|x86
	EndGlobalSection
	GlobalSection(ProjectConfigurationPlatforms) = postSolution
		{FEBF3BCC-7253-4EBD-822E-AE37B077033B}.Debug|x86.ActiveCfg = Debug|x86
		{FEBF3BCC-7253-4EBD-822E-AE37B077033B}.Debug|x86.Build.0 = Debug|x86
		{FEBF3BCC-7253-4EBD-822E-AE37B077033B}.Release|x86.ActiveCfg = Release|x86
		{FEBF3BCC-7253-4EBD-822E-AE37B077033B}.Release|x86.Build.0 = Release|x86
	EndGlobalSection
	GlobalSection(SolutionProperties) = preSolution
		HideSolutionNode = FALSE
	EndGlobalSection
EndGlobal
