
Microsoft Visual Studio Solution File, Format Version 11.00
# Visual C# Express 2010
Project("{FAE04EC0-301F-11D3-BF4B-00C04F79EFBC}") = "SerializationExamples", "SerializationExamples\SerializationExamples.csproj", "{19A71C8E-36D8-4D77-9F32-32AA95CA16CB}"
EndProject
Project("{FAE04EC0-301F-11D3-BF4B-00C04F79EFBC}") = "DeserializationAndDynamicProperties", "DeserializationAndDynamicProperties\DeserializationAndDynamicProperties.csproj", "{4419F550-CC75-4F70-8176-72550B992B99}"
EndProject
Project("{FAE04EC0-301F-11D3-BF4B-00C04F79EFBC}") = "LinqToXmlExamples", "LinqToXmlExamples\LinqToXmlExamples.csproj", "{57A6E9CA-8D8F-4229-86B3-7A8C72B0C34F}"
EndProject
Global
	GlobalSection(SolutionConfigurationPlatforms) = preSolution
		Debug|x86 = Debug|x86
		Release|x86 = Release|x86
	EndGlobalSection
	GlobalSection(ProjectConfigurationPlatforms) = postSolution
		{19A71C8E-36D8-4D77-9F32-32AA95CA16CB}.Debug|x86.ActiveCfg = Debug|x86
		{19A71C8E-36D8-4D77-9F32-32AA95CA16CB}.Debug|x86.Build.0 = Debug|x86
		{19A71C8E-36D8-4D77-9F32-32AA95CA16CB}.Release|x86.ActiveCfg = Release|x86
		{19A71C8E-36D8-4D77-9F32-32AA95CA16CB}.Release|x86.Build.0 = Release|x86
		{4419F550-CC75-4F70-8176-72550B992B99}.Debug|x86.ActiveCfg = Debug|x86
		{4419F550-CC75-4F70-8176-72550B992B99}.Debug|x86.Build.0 = Debug|x86
		{4419F550-CC75-4F70-8176-72550B992B99}.Release|x86.ActiveCfg = Release|x86
		{4419F550-CC75-4F70-8176-72550B992B99}.Release|x86.Build.0 = Release|x86
		{57A6E9CA-8D8F-4229-86B3-7A8C72B0C34F}.Debug|x86.ActiveCfg = Debug|x86
		{57A6E9CA-8D8F-4229-86B3-7A8C72B0C34F}.Debug|x86.Build.0 = Debug|x86
		{57A6E9CA-8D8F-4229-86B3-7A8C72B0C34F}.Release|x86.ActiveCfg = Release|x86
		{57A6E9CA-8D8F-4229-86B3-7A8C72B0C34F}.Release|x86.Build.0 = Release|x86
	EndGlobalSection
	GlobalSection(SolutionProperties) = preSolution
		HideSolutionNode = FALSE
	EndGlobalSection
EndGlobal
