
Microsoft Visual Studio Solution File, Format Version 12.00
# Visual Studio 14
VisualStudioVersion = 14.0.25420.1
MinimumVisualStudioVersion = 10.0.40219.1
Project("{2150E333-8FDC-42A3-9474-1A3956D46DE8}") = "src", "src", "{F8FCD0AD-AD34-4686-9556-0E479CB0DB84}"
EndProject
Project("{2150E333-8FDC-42A3-9474-1A3956D46DE8}") = "test", "test", "{43ED6823-F649-4D95-BD9D-C413CCF03457}"
EndProject
Project("{FAE04EC0-301F-11D3-BF4B-00C04F79EFBC}") = "Grades", "src\Grades.csproj", "{DBF69038-FA48-4180-BE5A-1739AA5F1110}"
EndProject
Project("{FAE04EC0-301F-11D3-BF4B-00C04F79EFBC}") = "GradesTests", "test\GradeBookTests\GradesTests.csproj", "{E4EC5647-FFE8-4A13-B573-CCEBB296C4F6}"
EndProject
Project("{FAE04EC0-301F-11D3-BF4B-00C04F79EFBC}") = "EqualityAndComparisonTests", "EqualityAndComparisonTests\EqualityAndComparisonTests.csproj", "{A15CD93B-6FB1-45EC-8FEF-21978BCCF627}"
EndProject
Project("{FAE04EC0-301F-11D3-BF4B-00C04F79EFBC}") = "Foods", "EqualityAndComparison\Foods.csproj", "{DB98FFFA-E7A5-44BD-A724-CCD356189B7B}"
EndProject
Project("{FAE04EC0-301F-11D3-BF4B-00C04F79EFBC}") = "CollectionsTests", "CollectionsTests\CollectionsTests.csproj", "{81DDD82D-AF5C-4F9D-A86B-0BF5523180CB}"
EndProject
Project("{FAE04EC0-301F-11D3-BF4B-00C04F79EFBC}") = "Utils", "Utils\Utils.csproj", "{C23363B2-90BD-4FB5-A8A9-1C9B85A0F07B}"
EndProject
Project("{FAE04EC0-301F-11D3-BF4B-00C04F79EFBC}") = "CustomCollections", "CustomCollections\CustomCollections.csproj", "{7956634F-6179-4BCD-B3BF-5104AC81A60F}"
EndProject
Project("{2150E333-8FDC-42A3-9474-1A3956D46DE8}") = "Interfaces", "Interfaces", "{FB3B6901-DC05-4325-9A62-8A5CC2948E9C}"
EndProject
Project("{FAE04EC0-301F-11D3-BF4B-00C04F79EFBC}") = "PeopleViewer", "src\Interfaces\PeopleViewer\PeopleViewer.csproj", "{1CA4C857-EFF8-4492-92D2-65DEB2A39F81}"
EndProject
Project("{FAE04EC0-301F-11D3-BF4B-00C04F79EFBC}") = "PeopleLibrary", "src\Interfaces\PeopleLibrary\PeopleLibrary.csproj", "{C1E10891-A28A-49CA-97BB-824792898AA8}"
	ProjectSection(ProjectDependencies) = postProject
		{C364B1AD-2F0D-4673-8EDF-212830197B21} = {C364B1AD-2F0D-4673-8EDF-212830197B21}
	EndProjectSection
EndProject
Project("{FAE04EC0-301F-11D3-BF4B-00C04F79EFBC}") = "People.WcfService", "src\Interfaces\People.WcfService\People.WcfService.csproj", "{C364B1AD-2F0D-4673-8EDF-212830197B21}"
EndProject
Global
	GlobalSection(SolutionConfigurationPlatforms) = preSolution
		Debug|Any CPU = Debug|Any CPU
		Release|Any CPU = Release|Any CPU
	EndGlobalSection
	GlobalSection(ProjectConfigurationPlatforms) = postSolution
		{DBF69038-FA48-4180-BE5A-1739AA5F1110}.Debug|Any CPU.ActiveCfg = Debug|Any CPU
		{DBF69038-FA48-4180-BE5A-1739AA5F1110}.Debug|Any CPU.Build.0 = Debug|Any CPU
		{DBF69038-FA48-4180-BE5A-1739AA5F1110}.Release|Any CPU.ActiveCfg = Release|Any CPU
		{DBF69038-FA48-4180-BE5A-1739AA5F1110}.Release|Any CPU.Build.0 = Release|Any CPU
		{E4EC5647-FFE8-4A13-B573-CCEBB296C4F6}.Debug|Any CPU.ActiveCfg = Debug|Any CPU
		{E4EC5647-FFE8-4A13-B573-CCEBB296C4F6}.Debug|Any CPU.Build.0 = Debug|Any CPU
		{E4EC5647-FFE8-4A13-B573-CCEBB296C4F6}.Release|Any CPU.ActiveCfg = Release|Any CPU
		{E4EC5647-FFE8-4A13-B573-CCEBB296C4F6}.Release|Any CPU.Build.0 = Release|Any CPU
		{A15CD93B-6FB1-45EC-8FEF-21978BCCF627}.Debug|Any CPU.ActiveCfg = Debug|Any CPU
		{A15CD93B-6FB1-45EC-8FEF-21978BCCF627}.Debug|Any CPU.Build.0 = Debug|Any CPU
		{A15CD93B-6FB1-45EC-8FEF-21978BCCF627}.Release|Any CPU.ActiveCfg = Release|Any CPU
		{A15CD93B-6FB1-45EC-8FEF-21978BCCF627}.Release|Any CPU.Build.0 = Release|Any CPU
		{DB98FFFA-E7A5-44BD-A724-CCD356189B7B}.Debug|Any CPU.ActiveCfg = Debug|Any CPU
		{DB98FFFA-E7A5-44BD-A724-CCD356189B7B}.Debug|Any CPU.Build.0 = Debug|Any CPU
		{DB98FFFA-E7A5-44BD-A724-CCD356189B7B}.Release|Any CPU.ActiveCfg = Release|Any CPU
		{DB98FFFA-E7A5-44BD-A724-CCD356189B7B}.Release|Any CPU.Build.0 = Release|Any CPU
		{81DDD82D-AF5C-4F9D-A86B-0BF5523180CB}.Debug|Any CPU.ActiveCfg = Debug|Any CPU
		{81DDD82D-AF5C-4F9D-A86B-0BF5523180CB}.Debug|Any CPU.Build.0 = Debug|Any CPU
		{81DDD82D-AF5C-4F9D-A86B-0BF5523180CB}.Release|Any CPU.ActiveCfg = Release|Any CPU
		{81DDD82D-AF5C-4F9D-A86B-0BF5523180CB}.Release|Any CPU.Build.0 = Release|Any CPU
		{C23363B2-90BD-4FB5-A8A9-1C9B85A0F07B}.Debug|Any CPU.ActiveCfg = Debug|Any CPU
		{C23363B2-90BD-4FB5-A8A9-1C9B85A0F07B}.Debug|Any CPU.Build.0 = Debug|Any CPU
		{C23363B2-90BD-4FB5-A8A9-1C9B85A0F07B}.Release|Any CPU.ActiveCfg = Release|Any CPU
		{C23363B2-90BD-4FB5-A8A9-1C9B85A0F07B}.Release|Any CPU.Build.0 = Release|Any CPU
		{7956634F-6179-4BCD-B3BF-5104AC81A60F}.Debug|Any CPU.ActiveCfg = Debug|Any CPU
		{7956634F-6179-4BCD-B3BF-5104AC81A60F}.Debug|Any CPU.Build.0 = Debug|Any CPU
		{7956634F-6179-4BCD-B3BF-5104AC81A60F}.Release|Any CPU.ActiveCfg = Release|Any CPU
		{7956634F-6179-4BCD-B3BF-5104AC81A60F}.Release|Any CPU.Build.0 = Release|Any CPU
		{1CA4C857-EFF8-4492-92D2-65DEB2A39F81}.Debug|Any CPU.ActiveCfg = Debug|Any CPU
		{1CA4C857-EFF8-4492-92D2-65DEB2A39F81}.Debug|Any CPU.Build.0 = Debug|Any CPU
		{1CA4C857-EFF8-4492-92D2-65DEB2A39F81}.Release|Any CPU.ActiveCfg = Release|Any CPU
		{1CA4C857-EFF8-4492-92D2-65DEB2A39F81}.Release|Any CPU.Build.0 = Release|Any CPU
		{C1E10891-A28A-49CA-97BB-824792898AA8}.Debug|Any CPU.ActiveCfg = Debug|Any CPU
		{C1E10891-A28A-49CA-97BB-824792898AA8}.Debug|Any CPU.Build.0 = Debug|Any CPU
		{C1E10891-A28A-49CA-97BB-824792898AA8}.Release|Any CPU.ActiveCfg = Release|Any CPU
		{C1E10891-A28A-49CA-97BB-824792898AA8}.Release|Any CPU.Build.0 = Release|Any CPU
		{C364B1AD-2F0D-4673-8EDF-212830197B21}.Debug|Any CPU.ActiveCfg = Debug|Any CPU
		{C364B1AD-2F0D-4673-8EDF-212830197B21}.Debug|Any CPU.Build.0 = Debug|Any CPU
		{C364B1AD-2F0D-4673-8EDF-212830197B21}.Release|Any CPU.ActiveCfg = Release|Any CPU
		{C364B1AD-2F0D-4673-8EDF-212830197B21}.Release|Any CPU.Build.0 = Release|Any CPU
	EndGlobalSection
	GlobalSection(SolutionProperties) = preSolution
		HideSolutionNode = FALSE
	EndGlobalSection
	GlobalSection(NestedProjects) = preSolution
		{DBF69038-FA48-4180-BE5A-1739AA5F1110} = {F8FCD0AD-AD34-4686-9556-0E479CB0DB84}
		{E4EC5647-FFE8-4A13-B573-CCEBB296C4F6} = {43ED6823-F649-4D95-BD9D-C413CCF03457}
		{A15CD93B-6FB1-45EC-8FEF-21978BCCF627} = {43ED6823-F649-4D95-BD9D-C413CCF03457}
		{DB98FFFA-E7A5-44BD-A724-CCD356189B7B} = {F8FCD0AD-AD34-4686-9556-0E479CB0DB84}
		{81DDD82D-AF5C-4F9D-A86B-0BF5523180CB} = {43ED6823-F649-4D95-BD9D-C413CCF03457}
		{C23363B2-90BD-4FB5-A8A9-1C9B85A0F07B} = {43ED6823-F649-4D95-BD9D-C413CCF03457}
		{7956634F-6179-4BCD-B3BF-5104AC81A60F} = {F8FCD0AD-AD34-4686-9556-0E479CB0DB84}
		{FB3B6901-DC05-4325-9A62-8A5CC2948E9C} = {F8FCD0AD-AD34-4686-9556-0E479CB0DB84}
		{1CA4C857-EFF8-4492-92D2-65DEB2A39F81} = {FB3B6901-DC05-4325-9A62-8A5CC2948E9C}
		{C1E10891-A28A-49CA-97BB-824792898AA8} = {FB3B6901-DC05-4325-9A62-8A5CC2948E9C}
		{C364B1AD-2F0D-4673-8EDF-212830197B21} = {FB3B6901-DC05-4325-9A62-8A5CC2948E9C}
	EndGlobalSection
EndGlobal
